// !$*UTF8*$!
{
	archiveVersion = 1;
	classes = {
	};
	objectVersion = 46;
	objects = {

/* Begin PBXBuildFile section */
		3FAB919F1E87B2CB00DA044A /* AppDelegate.swift in Sources */ = {isa = PBXBuildFile; fileRef = 3FAB919E1E87B2CB00DA044A /* AppDelegate.swift */; };
		3FAB91A11E87B2CB00DA044A /* ViewController.swift in Sources */ = {isa = PBXBuildFile; fileRef = 3FAB91A01E87B2CB00DA044A /* ViewController.swift */; };
		3FAB91A41E87B2CB00DA044A /* Main.storyboard in Resources */ = {isa = PBXBuildFile; fileRef = 3FAB91A21E87B2CB00DA044A /* Main.storyboard */; };
		3FAB91A61E87B2CB00DA044A /* Assets.xcassets in Resources */ = {isa = PBXBuildFile; fileRef = 3FAB91A51E87B2CB00DA044A /* Assets.xcassets */; };
		3FAB91A91E87B2CB00DA044A /* LaunchScreen.storyboard in Resources */ = {isa = PBXBuildFile; fileRef = 3FAB91A71E87B2CB00DA044A /* LaunchScreen.storyboard */; };
		3FAB91B51E87B85700DA044A /* realImage.png in Resources */ = {isa = PBXBuildFile; fileRef = 3FAB91B41E87B85700DA044A /* realImage.png */; };
		3FAB91B91E87BC9600DA044A /* image.jpg in Resources */ = {isa = PBXBuildFile; fileRef = 3FAB91B81E87BC9600DA044A /* image.jpg */; };
/* End PBXBuildFile section */

/* Begin PBXFileReference section */
		3FAB919B1E87B2CB00DA044A /* ScratchCard.app */ = {isa = PBXFileReference; explicitFileType = wrapper.application; includeInIndex = 0; path = ScratchCard.app; sourceTree = BUILT_PRODUCTS_DIR; };
		3FAB919E1E87B2CB00DA044A /* AppDelegate.swift */ = {isa = PBXFileReference; lastKnownFileType = sourcecode.swift; path = AppDelegate.swift; sourceTree = "<group>"; };
		3FAB91A01E87B2CB00DA044A /* ViewController.swift */ = {isa = PBXFileReference; lastKnownFileType = sourcecode.swift; path = ViewController.swift; sourceTree = "<group>"; };
		3FAB91A31E87B2CB00DA044A /* Base */ = {isa = PBXFileReference; lastKnownFileType = file.storyboard; name = Base; path = Base.lproj/Main.storyboard; sourceTree = "<group>"; };
		3FAB91A51E87B2CB00DA044A /* Assets.xcassets */ = {isa = PBXFileReference; lastKnownFileType = folder.assetcatalog; path = Assets.xcassets; sourceTree = "<group>"; };
		3FAB91A81E87B2CB00DA044A /* Base */ = {isa = PBXFileReference; lastKnownFileType = file.storyboard; name = Base; path = Base.lproj/LaunchScreen.storyboard; sourceTree = "<group>"; };
		3FAB91AA1E87B2CB00DA044A /* Info.plist */ = {isa = PBXFileReference; lastKnownFileType = text.plist.xml; path = Info.plist; sourceTree = "<group>"; };
		3FAB91B41E87B85700DA044A /* realImage.png */ = {isa = PBXFileReference; lastKnownFileType = image.png; path = realImage.png; sourceTree = "<group>"; };
		3FAB91B81E87BC9600DA044A /* image.jpg */ = {isa = PBXFileReference; lastKnownFileType = image.jpeg; path = image.jpg; sourceTree = "<group>"; };
/* End PBXFileReference section */

/* Begin PBXFrameworksBuildPhase section */
		3FAB91981E87B2CB00DA044A /* Frameworks */ = {
			isa = PBXFrameworksBuildPhase;
			buildActionMask = 2147483647;
			files = (
			);
			runOnlyForDeploymentPostprocessing = 0;
		};
/* End PBXFrameworksBuildPhase section */

/* Begin PBXGroup section */
		3FAB91921E87B2CB00DA044A = {
			isa = PBXGroup;
			children = (
				3FAB919D1E87B2CB00DA044A /* ScratchCard */,
				3FAB919C1E87B2CB00DA044A /* Products */,
			);
			sourceTree = "<group>";
		};
		3FAB919C1E87B2CB00DA044A /* Products */ = {
			isa = PBXGroup;
			children = (
				3FAB919B1E87B2CB00DA044A /* ScratchCard.app */,
			);
			name = Products;
			sourceTree = "<group>";
		};
		3FAB919D1E87B2CB00DA044A /* ScratchCard */ = {
			isa = PBXGroup;
			children = (
				3FAB91B81E87BC9600DA044A /* image.jpg */,
				3FAB91B41E87B85700DA044A /* realImage.png */,
				3FAB919E1E87B2CB00DA044A /* AppDelegate.swift */,
				3FAB91A01E87B2CB00DA044A /* ViewController.swift */,
				3FAB91A21E87B2CB00DA044A /* Main.storyboard */,
				3FAB91A51E87B2CB00DA044A /* Assets.xcassets */,
				3FAB91A71E87B2CB00DA044A /* LaunchScreen.storyboard */,
				3FAB91AA1E87B2CB00DA044A /* Info.plist */,
			);
			path = ScratchCard;
			sourceTree = "<group>";
		};
/* End PBXGroup section */

/* Begin PBXNativeTarget section */
		3FAB919A1E87B2CB00DA044A /* ScratchCard */ = {
			isa = PBXNativeTarget;
			buildConfigurationList = 3FAB91AD1E87B2CB00DA044A /* Build configuration list for PBXNativeTarget "ScratchCard" */;
			buildPhases = (
				3FAB91971E87B2CB00DA044A /* Sources */,
				3FAB91981E87B2CB00DA044A /* Frameworks */,
				3FAB91991E87B2CB00DA044A /* Resources */,
			);
			buildRules = (
			);
			dependencies = (
			);
			name = ScratchCard;
			productName = ScratchCard;
			productReference = 3FAB919B1E87B2CB00DA044A /* ScratchCard.app */;
			productType = "com.apple.product-type.application";
		};
/* End PBXNativeTarget section */

/* Begin PBXProject section */
		3FAB91931E87B2CB00DA044A /* Project object */ = {
			isa = PBXProject;
			attributes = {
				LastSwiftUpdateCheck = 0800;
				LastUpgradeCheck = 0800;
				ORGANIZATIONNAME = Steven;
				TargetAttributes = {
					3FAB919A1E87B2CB00DA044A = {
						CreatedOnToolsVersion = 8.0;
						ProvisioningStyle = Automatic;
					};
				};
			};
			buildConfigurationList = 3FAB91961E87B2CB00DA044A /* Build configuration list for PBXProject "ScratchCard" */;
			compatibilityVersion = "Xcode 3.2";
			developmentRegion = English;
			hasScannedForEncodings = 0;
			knownRegions = (
				en,
				Base,
			);
			mainGroup = 3FAB91921E87B2CB00DA044A;
			productRefGroup = 3FAB919C1E87B2CB00DA044A /* Products */;
			projectDirPath = "";
			projectRoot = "";
			targets = (
				3FAB919A1E87B2CB00DA044A /* ScratchCard */,
			);
		};
/* End PBXProject section */

/* Begin PBXResourcesBuildPhase section */
		3FAB91991E87B2CB00DA044A /* Resources */ = {
			isa = PBXResourcesBuildPhase;
			buildActionMask = 2147483647;
			files = (
				3FAB91A91E87B2CB00DA044A /* LaunchScreen.storyboard in Resources */,
				3FAB91A61E87B2CB00DA044A /* Assets.xcassets in Resources */,
				3FAB91A41E87B2CB00DA044A /* Main.storyboard in Resources */,
				3FAB91B51E87B85700DA044A /* realImage.png in Resources */,
				3FAB91B91E87BC9600DA044A /* image.jpg in Resources */,
			);
			runOnlyForDeploymentPostprocessing = 0;
		};
/* End PBXResourcesBuildPhase section */

/* Begin PBXSourcesBuildPhase section */
		3FAB91971E87B2CB00DA044A /* Sources */ = {
			isa = PBXSourcesBuildPhase;
			buildActionMask = 2147483647;
			files = (
				3FAB91A11E87B2CB00DA044A /* ViewController.swift in Sources */,
				3FAB919F1E87B2CB00DA044A /* AppDelegate.swift in Sources */,
			);
			runOnlyForDeploymentPostprocessing = 0;
		};
/* End PBXSourcesBuildPhase section */

/* Begin PBXVariantGroup section */
		3FAB91A21E87B2CB00DA044A /* Main.storyboard */ = {
			isa = PBXVariantGroup;
			children = (
				3FAB91A31E87B2CB00DA044A /* Base */,
			);
			name = Main.storyboard;
			sourceTree = "<group>";
		};
		3FAB91A71E87B2CB00DA044A /* LaunchScreen.storyboard */ = {
			isa = PBXVariantGroup;
			children = (
				3FAB91A81E87B2CB00DA044A /* Base */,
			);
			name = LaunchScreen.storyboard;
			sourceTree = "<group>";
		};
/* End PBXVariantGroup section */

/* Begin XCBuildConfiguration section */
		3FAB91AB1E87B2CB00DA044A /* Debug */ = {
			isa = XCBuildConfiguration;
			buildSettings = {
				ALWAYS_SEARCH_USER_PATHS = NO;
				CLANG_ANALYZER_NONNULL = YES;
				CLANG_CXX_LANGUAGE_STANDARD = "gnu++0x";
				CLANG_CXX_LIBRARY = "libc++";
				CLANG_ENABLE_MODULES = YES;
				CLANG_ENABLE_OBJC_ARC = YES;
				CLANG_WARN_BOOL_CONVERSION = YES;
				CLANG_WARN_CONSTANT_CONVERSION = YES;
				CLANG_WARN_DIRECT_OBJC_ISA_USAGE = YES_ERROR;
				CLANG_WARN_DOCUMENTATION_COMMENTS = YES;
				CLANG_WARN_EMPTY_BODY = YES;
				CLANG_WARN_ENUM_CONVERSION = YES;
				CLANG_WARN_INFINITE_RECURSION = YES;
				CLANG_WARN_INT_CONVERSION = YES;
				CLANG_WARN_OBJC_ROOT_CLASS = YES_ERROR;
				CLANG_WARN_SUSPICIOUS_MOVES = YES;
				CLANG_WARN_UNREACHABLE_CODE = YES;
				CLANG_WARN__DUPLICATE_METHOD_MATCH = YES;
				"CODE_SIGN_IDENTITY[sdk=iphoneos*]" = "iPhone Developer";
				COPY_PHASE_STRIP = NO;
				DEBUG_INFORMATION_FORMAT = dwarf;
				ENABLE_STRICT_OBJC_MSGSEND = YES;
				ENABLE_TESTABILITY = YES;
				GCC_C_LANGUAGE_STANDARD = gnu99;
				GCC_DYNAMIC_NO_PIC = NO;
				GCC_NO_COMMON_BLOCKS = YES;
				GCC_OPTIMIZATION_LEVEL = 0;
				GCC_PREPROCESSOR_DEFINITIONS = (
					"DEBUG=1",
					"$(inherited)",
				);
				GCC_WARN_64_TO_32_BIT_CONVERSION = YES;
				GCC_WARN_ABOUT_RETURN_TYPE = YES_ERROR;
				GCC_WARN_UNDECLARED_SELECTOR = YES;
				GCC_WARN_UNINITIALIZED_AUTOS = YES_AGGRESSIVE;
				GCC_WARN_UNUSED_FUNCTION = YES;
				GCC_WARN_UNUSED_VARIABLE = YES;
				IPHONEOS_DEPLOYMENT_TARGET = 10.0;
				MTL_ENABLE_DEBUG_INFO = YES;
				ONLY_ACTIVE_ARCH = YES;
				SDKROOT = iphoneos;
				SWIFT_ACTIVE_COMPILATION_CONDITIONS = DEBUG;
				SWIFT_OPTIMIZATION_LEVEL = "-Onone";
			};
			name = Debug;
		};
		3FAB91AC1E87B2CB00DA044A /* Release */ = {
			isa = XCBuildConfiguration;
			buildSettings = {
				ALWAYS_SEARCH_USER_PATHS = NO;
				CLANG_ANALYZER_NONNULL = YES;
				CLANG_CXX_LANGUAGE_STANDARD = "gnu++0x";
				CLANG_CXX_LIBRARY = "libc++";
				CLANG_ENABLE_MODULES = YES;
				CLANG_ENABLE_OBJC_ARC = YES;
				CLANG_WARN_BOOL_CONVERSION = YES;
				CLANG_WARN_CONSTANT_CONVERSION = YES;
				CLANG_WARN_DIRECT_OBJC_ISA_USAGE = YES_ERROR;
				CLANG_WARN_DOCUMENTATION_COMMENTS = YES;
				CLANG_WARN_EMPTY_BODY = YES;
				CLANG_WARN_ENUM_CONVERSION = YES;
				CLANG_WARN_INFINITE_RECURSION = YES;
				CLANG_WARN_INT_CONVERSION = YES;
				CLANG_WARN_OBJC_ROOT_CLASS = YES_ERROR;
				CLANG_WARN_SUSPICIOUS_MOVES = YES;
				CLANG_WARN_UNREACHABLE_CODE = YES;
				CLANG_WARN__DUPLICATE_METHOD_MATCH = YES;
				"CODE_SIGN_IDENTITY[sdk=iphoneos*]" = "iPhone Developer";
				COPY_PHASE_STRIP = NO;
				DEBUG_INFORMATION_FORMAT = "dwarf-with-dsym";
				ENABLE_NS_ASSERTIONS = NO;
				ENABLE_STRICT_OBJC_MSGSEND = YES;
				GCC_C_LANGUAGE_STANDARD = gnu99;
				GCC_NO_COMMON_BLOCKS = YES;
				GCC_WARN_64_TO_32_BIT_CONVERSION = YES;
				GCC_WARN_ABOUT_RETURN_TYPE = YES_ERROR;
				GCC_WARN_UNDECLARED_SELECTOR = YES;
				GCC_WARN_UNINITIALIZED_AUTOS = YES_AGGRESSIVE;
				GCC_WARN_UNUSED_FUNCTION = YES;
				GCC_WARN_UNUSED_VARIABLE = YES;
				IPHONEOS_DEPLOYMENT_TARGET = 10.0;
				MTL_ENABLE_DEBUG_INFO = NO;
				SDKROOT = iphoneos;
				SWIFT_OPTIMIZATION_LEVEL = "-Owholemodule";
				VALIDATE_PRODUCT = YES;
			};
			name = Release;
		};
		3FAB91AE1E87B2CB00DA044A /* Debug */ = {
			isa = XCBuildConfiguration;
			buildSettings = {
				ASSETCATALOG_COMPILER_APPICON_NAME = AppIcon;
				INFOPLIST_FILE = ScratchCard/Info.plist;
				LD_RUNPATH_SEARCH_PATHS = "$(inherited) @executable_path/Frameworks";
				PRODUCT_BUNDLE_IDENTIFIER = Crazy.ScratchCard;
				PRODUCT_NAME = "$(TARGET_NAME)";
				SWIFT_VERSION = 3.0;
			};
			name = Debug;
		};
		3FAB91AF1E87B2CB00DA044A /* Release */ = {
			isa = XCBuildConfiguration;
			buildSettings = {
				ASSETCATALOG_COMPILER_APPICON_NAME = AppIcon;
				INFOPLIST_FILE = ScratchCard/Info.plist;
				LD_RUNPATH_SEARCH_PATHS = "$(inherited) @executable_path/Frameworks";
				PRODUCT_BUNDLE_IDENTIFIER = Crazy.ScratchCard;
				PRODUCT_NAME = "$(TARGET_NAME)";
				SWIFT_VERSION = 3.0;
			};
			name = Release;
		};
/* End XCBuildConfiguration section */

/* Begin XCConfigurationList section */
		3FAB91961E87B2CB00DA044A /* Build configuration list for PBXProject "ScratchCard" */ = {
			isa = XCConfigurationList;
			buildConfigurations = (
				3FAB91AB1E87B2CB00DA044A /* Debug */,
				3FAB91AC1E87B2CB00DA044A /* Release */,
			);
			defaultConfigurationIsVisible = 0;
			defaultConfigurationName = Release;
		};
		3FAB91AD1E87B2CB00DA044A /* Build configuration list for PBXNativeTarget "ScratchCard" */ = {
			isa = XCConfigurationList;
			buildConfigurations = (
				3FAB91AE1E87B2CB00DA044A /* Debug */,
				3FAB91AF1E87B2CB00DA044A /* Release */,
			);
			defaultConfigurationIsVisible = 0;
		};
/* End XCConfigurationList section */
	};
	rootObject = 3FAB91931E87B2CB00DA044A /* Project object */;
}
